
Microsoft Visual Studio Solution File, Format Version 12.00
# Visual Studio 14
VisualStudioVersion = 14.0.25420.1
MinimumVisualStudioVersion = 10.0.40219.1
Project("{FAE04EC0-301F-11D3-BF4B-00C04F79EFBC}") = "WpfPoeChallengeTracker", "WpfApplication1\WpfPoeChallengeTracker.csproj", "{1D20915B-8325-40D0-A5E3-3900F2CA4CA7}"
EndProject
Project("{FAE04EC0-301F-11D3-BF4B-00C04F79EFBC}") = "ChallengeDataCreator", "ChallengeDataCreator\ChallengeDataCreator.csproj", "{91DC3497-9ADA-4DAD-BDFC-2018CF6BE453}"
EndProject
Project("{2150E333-8FDC-42A3-9474-1A3956D46DE8}") = "Solution Items", "Solution Items", "{ACCE7999-27BC-4769-9223-A62D11C1E1CD}"
	ProjectSection(SolutionItems) = preProject
		Tasklist.txt = Tasklist.txt
	EndProjectSection
EndProject
Global
	GlobalSection(SolutionConfigurationPlatforms) = preSolution
		Debug|Any CPU = Debug|Any CPU
		Debug|x64 = Debug|x64
		Debug|x86 = Debug|x86
		Release|Any CPU = Release|Any CPU
		Release|x64 = Release|x64
		Release|x86 = Release|x86
	EndGlobalSection
	GlobalSection(ProjectConfigurationPlatforms) = postSolution
		{1D20915B-8325-40D0-A5E3-3900F2CA4CA7}.Debug|Any CPU.ActiveCfg = Debug|Any CPU
		{1D20915B-8325-40D0-A5E3-3900F2CA4CA7}.Debug|Any CPU.Build.0 = Debug|Any CPU
		{1D20915B-8325-40D0-A5E3-3900F2CA4CA7}.Debug|x64.ActiveCfg = Debug|x64
		{1D20915B-8325-40D0-A5E3-3900F2CA4CA7}.Debug|x64.Build.0 = Debug|x64
		{1D20915B-8325-40D0-A5E3-3900F2CA4CA7}.Debug|x86.ActiveCfg = Debug|x86
		{1D20915B-8325-40D0-A5E3-3900F2CA4CA7}.Debug|x86.Build.0 = Debug|x86
		{1D20915B-8325-40D0-A5E3-3900F2CA4CA7}.Release|Any CPU.ActiveCfg = Release|Any CPU
		{1D20915B-8325-40D0-A5E3-3900F2CA4CA7}.Release|Any CPU.Build.0 = Release|Any CPU
		{1D20915B-8325-40D0-A5E3-3900F2CA4CA7}.Release|x64.ActiveCfg = Release|x64
		{1D20915B-8325-40D0-A5E3-3900F2CA4CA7}.Release|x64.Build.0 = Release|x64
		{1D20915B-8325-40D0-A5E3-3900F2CA4CA7}.Release|x86.ActiveCfg = Release|x86
		{1D20915B-8325-40D0-A5E3-3900F2CA4CA7}.Release|x86.Build.0 = Release|x86
		{1D20915B-8325-40D0-A5E3-3900F2CA4CA7}.Release|x86.Deploy.0 = Release|x86
		{91DC3497-9ADA-4DAD-BDFC-2018CF6BE453}.Debug|Any CPU.ActiveCfg = Debug|Any CPU
		{91DC3497-9ADA-4DAD-BDFC-2018CF6BE453}.Debug|Any CPU.Build.0 = Debug|Any CPU
		{91DC3497-9ADA-4DAD-BDFC-2018CF6BE453}.Debug|x64.ActiveCfg = Debug|Any CPU
		{91DC3497-9ADA-4DAD-BDFC-2018CF6BE453}.Debug|x64.Build.0 = Debug|Any CPU
		{91DC3497-9ADA-4DAD-BDFC-2018CF6BE453}.Debug|x86.ActiveCfg = Debug|Any CPU
		{91DC3497-9ADA-4DAD-BDFC-2018CF6BE453}.Debug|x86.Build.0 = Debug|Any CPU
		{91DC3497-9ADA-4DAD-BDFC-2018CF6BE453}.Release|Any CPU.ActiveCfg = Release|Any CPU
		{91DC3497-9ADA-4DAD-BDFC-2018CF6BE453}.Release|Any CPU.Build.0 = Release|Any CPU
		{91DC3497-9ADA-4DAD-BDFC-2018CF6BE453}.Release|x64.ActiveCfg = Release|Any CPU
		{91DC3497-9ADA-4DAD-BDFC-2018CF6BE453}.Release|x64.Build.0 = Release|Any CPU
		{91DC3497-9ADA-4DAD-BDFC-2018CF6BE453}.Release|x86.ActiveCfg = Release|Any CPU
		{91DC3497-9ADA-4DAD-BDFC-2018CF6BE453}.Release|x86.Build.0 = Release|Any CPU
	EndGlobalSection
	GlobalSection(SolutionProperties) = preSolution
		HideSolutionNode = FALSE
	EndGlobalSection
EndGlobal
